// !$*UTF8*$!
{
	archiveVersion = 1;
	classes = {
	};
	objectVersion = 55;
	objects = {

/* Begin PBXBuildFile section */
		394944C0271ADD8500C9DC78 /* AppDelegate.swift in Sources */ = {isa = PBXBuildFile; fileRef = 394944BF271ADD8500C9DC78 /* AppDelegate.swift */; };
		394944C2271ADD8500C9DC78 /* SceneDelegate.swift in Sources */ = {isa = PBXBuildFile; fileRef = 394944C1271ADD8500C9DC78 /* SceneDelegate.swift */; };
		394944C4271ADD8500C9DC78 /* ViewController.swift in Sources */ = {isa = PBXBuildFile; fileRef = 394944C3271ADD8500C9DC78 /* ViewController.swift */; };
		394944C7271ADD8500C9DC78 /* Main.storyboard in Resources */ = {isa = PBXBuildFile; fileRef = 394944C5271ADD8500C9DC78 /* Main.storyboard */; };
		394944C9271ADD8900C9DC78 /* Assets.xcassets in Resources */ = {isa = PBXBuildFile; fileRef = 394944C8271ADD8900C9DC78 /* Assets.xcassets */; };
		394944CC271ADD8900C9DC78 /* LaunchScreen.storyboard in Resources */ = {isa = PBXBuildFile; fileRef = 394944CA271ADD8900C9DC78 /* LaunchScreen.storyboard */; };
		394944D7271ADD8900C9DC78 /* FastlaneTests.swift in Sources */ = {isa = PBXBuildFile; fileRef = 394944D6271ADD8900C9DC78 /* FastlaneTests.swift */; };
		394944E1271ADD8900C9DC78 /* FastlaneUITests.swift in Sources */ = {isa = PBXBuildFile; fileRef = 394944E0271ADD8900C9DC78 /* FastlaneUITests.swift */; };
		394944E3271ADD8900C9DC78 /* FastlaneUITestsLaunchTests.swift in Sources */ = {isa = PBXBuildFile; fileRef = 394944E2271ADD8900C9DC78 /* FastlaneUITestsLaunchTests.swift */; };
/* End PBXBuildFile section */

/* Begin PBXContainerItemProxy section */
		394944D3271ADD8900C9DC78 /* PBXContainerItemProxy */ = {
			isa = PBXContainerItemProxy;
			containerPortal = 394944B4271ADD8500C9DC78 /* Project object */;
			proxyType = 1;
			remoteGlobalIDString = 394944BB271ADD8500C9DC78;
			remoteInfo = Fastlane;
		};
		394944DD271ADD8900C9DC78 /* PBXContainerItemProxy */ = {
			isa = PBXContainerItemProxy;
			containerPortal = 394944B4271ADD8500C9DC78 /* Project object */;
			proxyType = 1;
			remoteGlobalIDString = 394944BB271ADD8500C9DC78;
			remoteInfo = Fastlane;
		};
/* End PBXContainerItemProxy section */

/* Begin PBXFileReference section */
		394944BC271ADD8500C9DC78 /* Fastlane.app */ = {isa = PBXFileReference; explicitFileType = wrapper.application; includeInIndex = 0; path = Fastlane.app; sourceTree = BUILT_PRODUCTS_DIR; };
		394944BF271ADD8500C9DC78 /* AppDelegate.swift */ = {isa = PBXFileReference; lastKnownFileType = sourcecode.swift; path = AppDelegate.swift; sourceTree = "<group>"; };
		394944C1271ADD8500C9DC78 /* SceneDelegate.swift */ = {isa = PBXFileReference; lastKnownFileType = sourcecode.swift; path = SceneDelegate.swift; sourceTree = "<group>"; };
		394944C3271ADD8500C9DC78 /* ViewController.swift */ = {isa = PBXFileReference; lastKnownFileType = sourcecode.swift; path = ViewController.swift; sourceTree = "<group>"; };
		394944C6271ADD8500C9DC78 /* Base */ = {isa = PBXFileReference; lastKnownFileType = file.storyboard; name = Base; path = Base.lproj/Main.storyboard; sourceTree = "<group>"; };
		394944C8271ADD8900C9DC78 /* Assets.xcassets */ = {isa = PBXFileReference; lastKnownFileType = folder.assetcatalog; path = Assets.xcassets; sourceTree = "<group>"; };
		394944CB271ADD8900C9DC78 /* Base */ = {isa = PBXFileReference; lastKnownFileType = file.storyboard; name = Base; path = Base.lproj/LaunchScreen.storyboard; sourceTree = "<group>"; };
		394944CD271ADD8900C9DC78 /* Info.plist */ = {isa = PBXFileReference; lastKnownFileType = text.plist.xml; path = Info.plist; sourceTree = "<group>"; };
		394944D2271ADD8900C9DC78 /* FastlaneTests.xctest */ = {isa = PBXFileReference; explicitFileType = wrapper.cfbundle; includeInIndex = 0; path = FastlaneTests.xctest; sourceTree = BUILT_PRODUCTS_DIR; };
		394944D6271ADD8900C9DC78 /* FastlaneTests.swift */ = {isa = PBXFileReference; lastKnownFileType = sourcecode.swift; path = FastlaneTests.swift; sourceTree = "<group>"; };
		394944DC271ADD8900C9DC78 /* FastlaneUITests.xctest */ = {isa = PBXFileReference; explicitFileType = wrapper.cfbundle; includeInIndex = 0; path = FastlaneUITests.xctest; sourceTree = BUILT_PRODUCTS_DIR; };
		394944E0271ADD8900C9DC78 /* FastlaneUITests.swift */ = {isa = PBXFileReference; lastKnownFileType = sourcecode.swift; path = FastlaneUITests.swift; sourceTree = "<group>"; };
		394944E2271ADD8900C9DC78 /* FastlaneUITestsLaunchTests.swift */ = {isa = PBXFileReference; lastKnownFileType = sourcecode.swift; path = FastlaneUITestsLaunchTests.swift; sourceTree = "<group>"; };
/* End PBXFileReference section */

/* Begin PBXFrameworksBuildPhase section */
		394944B9271ADD8500C9DC78 /* Frameworks */ = {
			isa = PBXFrameworksBuildPhase;
			buildActionMask = 2147483647;
			files = (
			);
			runOnlyForDeploymentPostprocessing = 0;
		};
		394944CF271ADD8900C9DC78 /* Frameworks */ = {
			isa = PBXFrameworksBuildPhase;
			buildActionMask = 2147483647;
			files = (
			);
			runOnlyForDeploymentPostprocessing = 0;
		};
		394944D9271ADD8900C9DC78 /* Frameworks */ = {
			isa = PBXFrameworksBuildPhase;
			buildActionMask = 2147483647;
			files = (
			);
			runOnlyForDeploymentPostprocessing = 0;
		};
/* End PBXFrameworksBuildPhase section */

/* Begin PBXGroup section */
		394944B3271ADD8500C9DC78 = {
			isa = PBXGroup;
			children = (
				394944BE271ADD8500C9DC78 /* Fastlane */,
				394944D5271ADD8900C9DC78 /* FastlaneTests */,
				394944DF271ADD8900C9DC78 /* FastlaneUITests */,
				394944BD271ADD8500C9DC78 /* Products */,
			);
			sourceTree = "<group>";
		};
		394944BD271ADD8500C9DC78 /* Products */ = {
			isa = PBXGroup;
			children = (
				394944BC271ADD8500C9DC78 /* Fastlane.app */,
				394944D2271ADD8900C9DC78 /* FastlaneTests.xctest */,
				394944DC271ADD8900C9DC78 /* FastlaneUITests.xctest */,
			);
			name = Products;
			sourceTree = "<group>";
		};
		394944BE271ADD8500C9DC78 /* Fastlane */ = {
			isa = PBXGroup;
			children = (
				394944BF271ADD8500C9DC78 /* AppDelegate.swift */,
				394944C1271ADD8500C9DC78 /* SceneDelegate.swift */,
				394944C3271ADD8500C9DC78 /* ViewController.swift */,
				394944C5271ADD8500C9DC78 /* Main.storyboard */,
				394944C8271ADD8900C9DC78 /* Assets.xcassets */,
				394944CA271ADD8900C9DC78 /* LaunchScreen.storyboard */,
				394944CD271ADD8900C9DC78 /* Info.plist */,
			);
			path = Fastlane;
			sourceTree = "<group>";
		};
		394944D5271ADD8900C9DC78 /* FastlaneTests */ = {
			isa = PBXGroup;
			children = (
				394944D6271ADD8900C9DC78 /* FastlaneTests.swift */,
			);
			path = FastlaneTests;
			sourceTree = "<group>";
		};
		394944DF271ADD8900C9DC78 /* FastlaneUITests */ = {
			isa = PBXGroup;
			children = (
				394944E0271ADD8900C9DC78 /* FastlaneUITests.swift */,
				394944E2271ADD8900C9DC78 /* FastlaneUITestsLaunchTests.swift */,
			);
			path = FastlaneUITests;
			sourceTree = "<group>";
		};
/* End PBXGroup section */

/* Begin PBXNativeTarget section */
		394944BB271ADD8500C9DC78 /* Fastlane */ = {
			isa = PBXNativeTarget;
			buildConfigurationList = 394944E6271ADD8900C9DC78 /* Build configuration list for PBXNativeTarget "Fastlane" */;
			buildPhases = (
				394944B8271ADD8500C9DC78 /* Sources */,
				394944B9271ADD8500C9DC78 /* Frameworks */,
				394944BA271ADD8500C9DC78 /* Resources */,
			);
			buildRules = (
			);
			dependencies = (
			);
			name = Fastlane;
			productName = Fastlane;
			productReference = 394944BC271ADD8500C9DC78 /* Fastlane.app */;
			productType = "com.apple.product-type.application";
		};
		394944D1271ADD8900C9DC78 /* FastlaneTests */ = {
			isa = PBXNativeTarget;
			buildConfigurationList = 394944E9271ADD8900C9DC78 /* Build configuration list for PBXNativeTarget "FastlaneTests" */;
			buildPhases = (
				394944CE271ADD8900C9DC78 /* Sources */,
				394944CF271ADD8900C9DC78 /* Frameworks */,
				394944D0271ADD8900C9DC78 /* Resources */,
			);
			buildRules = (
			);
			dependencies = (
				394944D4271ADD8900C9DC78 /* PBXTargetDependency */,
			);
			name = FastlaneTests;
			productName = FastlaneTests;
			productReference = 394944D2271ADD8900C9DC78 /* FastlaneTests.xctest */;
			productType = "com.apple.product-type.bundle.unit-test";
		};
		394944DB271ADD8900C9DC78 /* FastlaneUITests */ = {
			isa = PBXNativeTarget;
			buildConfigurationList = 394944EC271ADD8900C9DC78 /* Build configuration list for PBXNativeTarget "FastlaneUITests" */;
			buildPhases = (
				394944D8271ADD8900C9DC78 /* Sources */,
				394944D9271ADD8900C9DC78 /* Frameworks */,
				394944DA271ADD8900C9DC78 /* Resources */,
			);
			buildRules = (
			);
			dependencies = (
				394944DE271ADD8900C9DC78 /* PBXTargetDependency */,
			);
			name = FastlaneUITests;
			productName = FastlaneUITests;
			productReference = 394944DC271ADD8900C9DC78 /* FastlaneUITests.xctest */;
			productType = "com.apple.product-type.bundle.ui-testing";
		};
/* End PBXNativeTarget section */

/* Begin PBXProject section */
		394944B4271ADD8500C9DC78 /* Project object */ = {
			isa = PBXProject;
			attributes = {
				BuildIndependentTargetsInParallel = 1;
				LastSwiftUpdateCheck = 1300;
				LastUpgradeCheck = 1300;
				TargetAttributes = {
					394944BB271ADD8500C9DC78 = {
						CreatedOnToolsVersion = 13.0;
					};
					394944D1271ADD8900C9DC78 = {
						CreatedOnToolsVersion = 13.0;
						TestTargetID = 394944BB271ADD8500C9DC78;
					};
					394944DB271ADD8900C9DC78 = {
						CreatedOnToolsVersion = 13.0;
						TestTargetID = 394944BB271ADD8500C9DC78;
					};
				};
			};
			buildConfigurationList = 394944B7271ADD8500C9DC78 /* Build configuration list for PBXProject "Fastlane" */;
			compatibilityVersion = "Xcode 13.0";
			developmentRegion = en;
			hasScannedForEncodings = 0;
			knownRegions = (
				en,
				Base,
			);
			mainGroup = 394944B3271ADD8500C9DC78;
			productRefGroup = 394944BD271ADD8500C9DC78 /* Products */;
			projectDirPath = "";
			projectRoot = "";
			targets = (
				394944BB271ADD8500C9DC78 /* Fastlane */,
				394944D1271ADD8900C9DC78 /* FastlaneTests */,
				394944DB271ADD8900C9DC78 /* FastlaneUITests */,
			);
		};
/* End PBXProject section */

/* Begin PBXResourcesBuildPhase section */
		394944BA271ADD8500C9DC78 /* Resources */ = {
			isa = PBXResourcesBuildPhase;
			buildActionMask = 2147483647;
			files = (
				394944CC271ADD8900C9DC78 /* LaunchScreen.storyboard in Resources */,
				394944C9271ADD8900C9DC78 /* Assets.xcassets in Resources */,
				394944C7271ADD8500C9DC78 /* Main.storyboard in Resources */,
			);
			runOnlyForDeploymentPostprocessing = 0;
		};
		394944D0271ADD8900C9DC78 /* Resources */ = {
			isa = PBXResourcesBuildPhase;
			buildActionMask = 2147483647;
			files = (
			);
			runOnlyForDeploymentPostprocessing = 0;
		};
		394944DA271ADD8900C9DC78 /* Resources */ = {
			isa = PBXResourcesBuildPhase;
			buildActionMask = 2147483647;
			files = (
			);
			runOnlyForDeploymentPostprocessing = 0;
		};
/* End PBXResourcesBuildPhase section */

/* Begin PBXSourcesBuildPhase section */
		394944B8271ADD8500C9DC78 /* Sources */ = {
			isa = PBXSourcesBuildPhase;
			buildActionMask = 2147483647;
			files = (
				394944C4271ADD8500C9DC78 /* ViewController.swift in Sources */,
				394944C0271ADD8500C9DC78 /* AppDelegate.swift in Sources */,
				394944C2271ADD8500C9DC78 /* SceneDelegate.swift in Sources */,
			);
			runOnlyForDeploymentPostprocessing = 0;
		};
		394944CE271ADD8900C9DC78 /* Sources */ = {
			isa = PBXSourcesBuildPhase;
			buildActionMask = 2147483647;
			files = (
				394944D7271ADD8900C9DC78 /* FastlaneTests.swift in Sources */,
			);
			runOnlyForDeploymentPostprocessing = 0;
		};
		394944D8271ADD8900C9DC78 /* Sources */ = {
			isa = PBXSourcesBuildPhase;
			buildActionMask = 2147483647;
			files = (
				394944E3271ADD8900C9DC78 /* FastlaneUITestsLaunchTests.swift in Sources */,
				394944E1271ADD8900C9DC78 /* FastlaneUITests.swift in Sources */,
			);
			runOnlyForDeploymentPostprocessing = 0;
		};
/* End PBXSourcesBuildPhase section */

/* Begin PBXTargetDependency section */
		394944D4271ADD8900C9DC78 /* PBXTargetDependency */ = {
			isa = PBXTargetDependency;
			target = 394944BB271ADD8500C9DC78 /* Fastlane */;
			targetProxy = 394944D3271ADD8900C9DC78 /* PBXContainerItemProxy */;
		};
		394944DE271ADD8900C9DC78 /* PBXTargetDependency */ = {
			isa = PBXTargetDependency;
			target = 394944BB271ADD8500C9DC78 /* Fastlane */;
			targetProxy = 394944DD271ADD8900C9DC78 /* PBXContainerItemProxy */;
		};
/* End PBXTargetDependency section */

/* Begin PBXVariantGroup section */
		394944C5271ADD8500C9DC78 /* Main.storyboard */ = {
			isa = PBXVariantGroup;
			children = (
				394944C6271ADD8500C9DC78 /* Base */,
			);
			name = Main.storyboard;
			sourceTree = "<group>";
		};
		394944CA271ADD8900C9DC78 /* LaunchScreen.storyboard */ = {
			isa = PBXVariantGroup;
			children = (
				394944CB271ADD8900C9DC78 /* Base */,
			);
			name = LaunchScreen.storyboard;
			sourceTree = "<group>";
		};
/* End PBXVariantGroup section */

/* Begin XCBuildConfiguration section */
		394944E4271ADD8900C9DC78 /* Debug */ = {
			isa = XCBuildConfiguration;
			buildSettings = {
				ALWAYS_SEARCH_USER_PATHS = NO;
				CLANG_ANALYZER_NONNULL = YES;
				CLANG_ANALYZER_NUMBER_OBJECT_CONVERSION = YES_AGGRESSIVE;
				CLANG_CXX_LANGUAGE_STANDARD = "gnu++17";
				CLANG_CXX_LIBRARY = "libc++";
				CLANG_ENABLE_MODULES = YES;
				CLANG_ENABLE_OBJC_ARC = YES;
				CLANG_ENABLE_OBJC_WEAK = YES;
				CLANG_WARN_BLOCK_CAPTURE_AUTORELEASING = YES;
				CLANG_WARN_BOOL_CONVERSION = YES;
				CLANG_WARN_COMMA = YES;
				CLANG_WARN_CONSTANT_CONVERSION = YES;
				CLANG_WARN_DEPRECATED_OBJC_IMPLEMENTATIONS = YES;
				CLANG_WARN_DIRECT_OBJC_ISA_USAGE = YES_ERROR;
				CLANG_WARN_DOCUMENTATION_COMMENTS = YES;
				CLANG_WARN_EMPTY_BODY = YES;
				CLANG_WARN_ENUM_CONVERSION = YES;
				CLANG_WARN_INFINITE_RECURSION = YES;
				CLANG_WARN_INT_CONVERSION = YES;
				CLANG_WARN_NON_LITERAL_NULL_CONVERSION = YES;
				CLANG_WARN_OBJC_IMPLICIT_RETAIN_SELF = YES;
				CLANG_WARN_OBJC_LITERAL_CONVERSION = YES;
				CLANG_WARN_OBJC_ROOT_CLASS = YES_ERROR;
				CLANG_WARN_QUOTED_INCLUDE_IN_FRAMEWORK_HEADER = YES;
				CLANG_WARN_RANGE_LOOP_ANALYSIS = YES;
				CLANG_WARN_STRICT_PROTOTYPES = YES;
				CLANG_WARN_SUSPICIOUS_MOVE = YES;
				CLANG_WARN_UNGUARDED_AVAILABILITY = YES_AGGRESSIVE;
				CLANG_WARN_UNREACHABLE_CODE = YES;
				CLANG_WARN__DUPLICATE_METHOD_MATCH = YES;
				COPY_PHASE_STRIP = NO;
				DEBUG_INFORMATION_FORMAT = dwarf;
				ENABLE_STRICT_OBJC_MSGSEND = YES;
				ENABLE_TESTABILITY = YES;
				GCC_C_LANGUAGE_STANDARD = gnu11;
				GCC_DYNAMIC_NO_PIC = NO;
				GCC_NO_COMMON_BLOCKS = YES;
				GCC_OPTIMIZATION_LEVEL = 0;
				GCC_PREPROCESSOR_DEFINITIONS = (
					"DEBUG=1",
					"$(inherited)",
				);
				GCC_WARN_64_TO_32_BIT_CONVERSION = YES;
				GCC_WARN_ABOUT_RETURN_TYPE = YES_ERROR;
				GCC_WARN_UNDECLARED_SELECTOR = YES;
				GCC_WARN_UNINITIALIZED_AUTOS = YES_AGGRESSIVE;
				GCC_WARN_UNUSED_FUNCTION = YES;
				GCC_WARN_UNUSED_VARIABLE = YES;
				IPHONEOS_DEPLOYMENT_TARGET = 15.0;
				MTL_ENABLE_DEBUG_INFO = INCLUDE_SOURCE;
				MTL_FAST_MATH = YES;
				ONLY_ACTIVE_ARCH = YES;
				SDKROOT = iphoneos;
				SWIFT_ACTIVE_COMPILATION_CONDITIONS = DEBUG;
				SWIFT_OPTIMIZATION_LEVEL = "-Onone";
			};
			name = Debug;
		};
		394944E5271ADD8900C9DC78 /* Release */ = {
			isa = XCBuildConfiguration;
			buildSettings = {
				ALWAYS_SEARCH_USER_PATHS = NO;
				CLANG_ANALYZER_NONNULL = YES;
				CLANG_ANALYZER_NUMBER_OBJECT_CONVERSION = YES_AGGRESSIVE;
				CLANG_CXX_LANGUAGE_STANDARD = "gnu++17";
				CLANG_CXX_LIBRARY = "libc++";
				CLANG_ENABLE_MODULES = YES;
				CLANG_ENABLE_OBJC_ARC = YES;
				CLANG_ENABLE_OBJC_WEAK = YES;
				CLANG_WARN_BLOCK_CAPTURE_AUTORELEASING = YES;
				CLANG_WARN_BOOL_CONVERSION = YES;
				CLANG_WARN_COMMA = YES;
				CLANG_WARN_CONSTANT_CONVERSION = YES;
				CLANG_WARN_DEPRECATED_OBJC_IMPLEMENTATIONS = YES;
				CLANG_WARN_DIRECT_OBJC_ISA_USAGE = YES_ERROR;
				CLANG_WARN_DOCUMENTATION_COMMENTS = YES;
				CLANG_WARN_EMPTY_BODY = YES;
				CLANG_WARN_ENUM_CONVERSION = YES;
				CLANG_WARN_INFINITE_RECURSION = YES;
				CLANG_WARN_INT_CONVERSION = YES;
				CLANG_WARN_NON_LITERAL_NULL_CONVERSION = YES;
				CLANG_WARN_OBJC_IMPLICIT_RETAIN_SELF = YES;
				CLANG_WARN_OBJC_LITERAL_CONVERSION = YES;
				CLANG_WARN_OBJC_ROOT_CLASS = YES_ERROR;
				CLANG_WARN_QUOTED_INCLUDE_IN_FRAMEWORK_HEADER = YES;
				CLANG_WARN_RANGE_LOOP_ANALYSIS = YES;
				CLANG_WARN_STRICT_PROTOTYPES = YES;
				CLANG_WARN_SUSPICIOUS_MOVE = YES;
				CLANG_WARN_UNGUARDED_AVAILABILITY = YES_AGGRESSIVE;
				CLANG_WARN_UNREACHABLE_CODE = YES;
				CLANG_WARN__DUPLICATE_METHOD_MATCH = YES;
				COPY_PHASE_STRIP = NO;
				DEBUG_INFORMATION_FORMAT = "dwarf-with-dsym";
				ENABLE_NS_ASSERTIONS = NO;
				ENABLE_STRICT_OBJC_MSGSEND = YES;
				GCC_C_LANGUAGE_STANDARD = gnu11;
				GCC_NO_COMMON_BLOCKS = YES;
				GCC_WARN_64_TO_32_BIT_CONVERSION = YES;
				GCC_WARN_ABOUT_RETURN_TYPE = YES_ERROR;
				GCC_WARN_UNDECLARED_SELECTOR = YES;
				GCC_WARN_UNINITIALIZED_AUTOS = YES_AGGRESSIVE;
				GCC_WARN_UNUSED_FUNCTION = YES;
				GCC_WARN_UNUSED_VARIABLE = YES;
				IPHONEOS_DEPLOYMENT_TARGET = 15.0;
				MTL_ENABLE_DEBUG_INFO = NO;
				MTL_FAST_MATH = YES;
				SDKROOT = iphoneos;
				SWIFT_COMPILATION_MODE = wholemodule;
				SWIFT_OPTIMIZATION_LEVEL = "-O";
				VALIDATE_PRODUCT = YES;
			};
			name = Release;
		};
		394944E7271ADD8900C9DC78 /* Debug */ = {
			isa = XCBuildConfiguration;
			buildSettings = {
				ASSETCATALOG_COMPILER_APPICON_NAME = AppIcon;
				ASSETCATALOG_COMPILER_GLOBAL_ACCENT_COLOR_NAME = AccentColor;
				CODE_SIGN_STYLE = Automatic;
				CURRENT_PROJECT_VERSION = 1;
				DEVELOPMENT_TEAM = 7CDHS6V78T;
				GENERATE_INFOPLIST_FILE = YES;
				INFOPLIST_FILE = Fastlane/Info.plist;
				INFOPLIST_KEY_UIApplicationSupportsIndirectInputEvents = YES;
				INFOPLIST_KEY_UILaunchStoryboardName = LaunchScreen;
				INFOPLIST_KEY_UIMainStoryboardFile = Main;
				INFOPLIST_KEY_UISupportedInterfaceOrientations_iPad = "UIInterfaceOrientationPortrait UIInterfaceOrientationPortraitUpsideDown UIInterfaceOrientationLandscapeLeft UIInterfaceOrientationLandscapeRight";
				INFOPLIST_KEY_UISupportedInterfaceOrientations_iPhone = "UIInterfaceOrientationPortrait UIInterfaceOrientationLandscapeLeft UIInterfaceOrientationLandscapeRight";
				LD_RUNPATH_SEARCH_PATHS = (
					"$(inherited)",
					"@executable_path/Frameworks",
				);
				MARKETING_VERSION = 1.0;
				PRODUCT_BUNDLE_IDENTIFIER = com.mahmoud.Fastlane;
				PRODUCT_NAME = "$(TARGET_NAME)";
				SWIFT_EMIT_LOC_STRINGS = YES;
				SWIFT_VERSION = 5.0;
				TARGETED_DEVICE_FAMILY = "1,2";
			};
			name = Debug;
		};
		394944E8271ADD8900C9DC78 /* Release */ = {
			isa = XCBuildConfiguration;
			buildSettings = {
				ASSETCATALOG_COMPILER_APPICON_NAME = AppIcon;
				ASSETCATALOG_COMPILER_GLOBAL_ACCENT_COLOR_NAME = AccentColor;
				CODE_SIGN_STYLE = Automatic;
				CURRENT_PROJECT_VERSION = 1;
				DEVELOPMENT_TEAM = 7CDHS6V78T;
				GENERATE_INFOPLIST_FILE = YES;
				INFOPLIST_FILE = Fastlane/Info.plist;
				INFOPLIST_KEY_UIApplicationSupportsIndirectInputEvents = YES;
				INFOPLIST_KEY_UILaunchStoryboardName = LaunchScreen;
				INFOPLIST_KEY_UIMainStoryboardFile = Main;
				INFOPLIST_KEY_UISupportedInterfaceOrientations_iPad = "UIInterfaceOrientationPortrait UIInterfaceOrientationPortraitUpsideDown UIInterfaceOrientationLandscapeLeft UIInterfaceOrientationLandscapeRight";
				INFOPLIST_KEY_UISupportedInterfaceOrientations_iPhone = "UIInterfaceOrientationPortrait UIInterfaceOrientationLandscapeLeft UIInterfaceOrientationLandscapeRight";
				LD_RUNPATH_SEARCH_PATHS = (
					"$(inherited)",
					"@executable_path/Frameworks",
				);
				MARKETING_VERSION = 1.0;
				PRODUCT_BUNDLE_IDENTIFIER = com.mahmoud.Fastlane;
				PRODUCT_NAME = "$(TARGET_NAME)";
				SWIFT_EMIT_LOC_STRINGS = YES;
				SWIFT_VERSION = 5.0;
				TARGETED_DEVICE_FAMILY = "1,2";
			};
			name = Release;
		};
		394944EA271ADD8900C9DC78 /* Debug */ = {
			isa = XCBuildConfiguration;
			buildSettings = {
				ALWAYS_EMBED_SWIFT_STANDARD_LIBRARIES = YES;
				BUNDLE_LOADER = "$(TEST_HOST)";
				CODE_SIGN_STYLE = Automatic;
				CURRENT_PROJECT_VERSION = 1;
				DEVELOPMENT_TEAM = 7CDHS6V78T;
				GENERATE_INFOPLIST_FILE = YES;
				IPHONEOS_DEPLOYMENT_TARGET = 15.0;
				LD_RUNPATH_SEARCH_PATHS = (
					"$(inherited)",
					"@executable_path/Frameworks",
					"@loader_path/Frameworks",
				);
				MARKETING_VERSION = 1.0;
				PRODUCT_BUNDLE_IDENTIFIER = com.mahmoud.FastlaneTests;
				PRODUCT_NAME = "$(TARGET_NAME)";
				SWIFT_EMIT_LOC_STRINGS = NO;
				SWIFT_VERSION = 5.0;
				TARGETED_DEVICE_FAMILY = "1,2";
				TEST_HOST = "$(BUILT_PRODUCTS_DIR)/Fastlane.app/Fastlane";
			};
			name = Debug;
		};
		394944EB271ADD8900C9DC78 /* Release */ = {
			isa = XCBuildConfiguration;
			buildSettings = {
				ALWAYS_EMBED_SWIFT_STANDARD_LIBRARIES = YES;
				BUNDLE_LOADER = "$(TEST_HOST)";
				CODE_SIGN_STYLE = Automatic;
				CURRENT_PROJECT_VERSION = 1;
				DEVELOPMENT_TEAM = 7CDHS6V78T;
				GENERATE_INFOPLIST_FILE = YES;
				IPHONEOS_DEPLOYMENT_TARGET = 15.0;
				LD_RUNPATH_SEARCH_PATHS = (
					"$(inherited)",
					"@executable_path/Frameworks",
					"@loader_path/Frameworks",
				);
				MARKETING_VERSION = 1.0;
				PRODUCT_BUNDLE_IDENTIFIER = com.mahmoud.FastlaneTests;
				PRODUCT_NAME = "$(TARGET_NAME)";
				SWIFT_EMIT_LOC_STRINGS = NO;
				SWIFT_VERSION = 5.0;
				TARGETED_DEVICE_FAMILY = "1,2";
				TEST_HOST = "$(BUILT_PRODUCTS_DIR)/Fastlane.app/Fastlane";
			};
			name = Release;
		};
		394944ED271ADD8900C9DC78 /* Debug */ = {
			isa = XCBuildConfiguration;
			buildSettings = {
				ALWAYS_EMBED_SWIFT_STANDARD_LIBRARIES = YES;
				CODE_SIGN_STYLE = Automatic;
				CURRENT_PROJECT_VERSION = 1;
				DEVELOPMENT_TEAM = 7CDHS6V78T;
				GENERATE_INFOPLIST_FILE = YES;
				LD_RUNPATH_SEARCH_PATHS = (
					"$(inherited)",
					"@executable_path/Frameworks",
					"@loader_path/Frameworks",
				);
				MARKETING_VERSION = 1.0;
				PRODUCT_BUNDLE_IDENTIFIER = com.mahmoud.FastlaneUITests;
				PRODUCT_NAME = "$(TARGET_NAME)";
				SWIFT_EMIT_LOC_STRINGS = NO;
				SWIFT_VERSION = 5.0;
				TARGETED_DEVICE_FAMILY = "1,2";
				TEST_TARGET_NAME = Fastlane;
			};
			name = Debug;
		};
		394944EE271ADD8900C9DC78 /* Release */ = {
			isa = XCBuildConfiguration;
			buildSettings = {
				ALWAYS_EMBED_SWIFT_STANDARD_LIBRARIES = YES;
				CODE_SIGN_STYLE = Automatic;
				CURRENT_PROJECT_VERSION = 1;
				DEVELOPMENT_TEAM = 7CDHS6V78T;
				GENERATE_INFOPLIST_FILE = YES;
				LD_RUNPATH_SEARCH_PATHS = (
					"$(inherited)",
					"@executable_path/Frameworks",
					"@loader_path/Frameworks",
				);
				MARKETING_VERSION = 1.0;
				PRODUCT_BUNDLE_IDENTIFIER = com.mahmoud.FastlaneUITests;
				PRODUCT_NAME = "$(TARGET_NAME)";
				SWIFT_EMIT_LOC_STRINGS = NO;
				SWIFT_VERSION = 5.0;
				TARGETED_DEVICE_FAMILY = "1,2";
				TEST_TARGET_NAME = Fastlane;
			};
			name = Release;
		};
/* End XCBuildConfiguration section */

/* Begin XCConfigurationList section */
		394944B7271ADD8500C9DC78 /* Build configuration list for PBXProject "Fastlane" */ = {
			isa = XCConfigurationList;
			buildConfigurations = (
				394944E4271ADD8900C9DC78 /* Debug */,
				394944E5271ADD8900C9DC78 /* Release */,
			);
			defaultConfigurationIsVisible = 0;
			defaultConfigurationName = Release;
		};
		394944E6271ADD8900C9DC78 /* Build configuration list for PBXNativeTarget "Fastlane" */ = {
			isa = XCConfigurationList;
			buildConfigurations = (
				394944E7271ADD8900C9DC78 /* Debug */,
				394944E8271ADD8900C9DC78 /* Release */,
			);
			defaultConfigurationIsVisible = 0;
			defaultConfigurationName = Release;
		};
		394944E9271ADD8900C9DC78 /* Build configuration list for PBXNativeTarget "FastlaneTests" */ = {
			isa = XCConfigurationList;
			buildConfigurations = (
				394944EA271ADD8900C9DC78 /* Debug */,
				394944EB271ADD8900C9DC78 /* Release */,
			);
			defaultConfigurationIsVisible = 0;
			defaultConfigurationName = Release;
		};
		394944EC271ADD8900C9DC78 /* Build configuration list for PBXNativeTarget "FastlaneUITests" */ = {
			isa = XCConfigurationList;
			buildConfigurations = (
				394944ED271ADD8900C9DC78 /* Debug */,
				394944EE271ADD8900C9DC78 /* Release */,
			);
			defaultConfigurationIsVisible = 0;
			defaultConfigurationName = Release;
		};
/* End XCConfigurationList section */
	};
	rootObject = 394944B4271ADD8500C9DC78 /* Project object */;
}
